
Microsoft Visual Studio Solution File, Format Version 12.00
# Visual Studio Version 16
VisualStudioVersion = 16.0.32413.511
MinimumVisualStudioVersion = 10.0.40219.1
Project("{FAE04EC0-301F-11D3-BF4B-00C04F79EFBC}") = "LearningDiaryLP_ASP", "LearningDiaryLP_ASP\LearningDiaryLP_ASP.csproj", "{7FE93469-A7FA-4437-AD88-C49A20C7B887}"
EndProject
Global
	GlobalSection(SolutionConfigurationPlatforms) = preSolution
		Debug|Any CPU = Debug|Any CPU
		Release|Any CPU = Release|Any CPU
	EndGlobalSection
	GlobalSection(ProjectConfigurationPlatforms) = postSolution
		{7FE93469-A7FA-4437-AD88-C49A20C7B887}.Debug|Any CPU.ActiveCfg = Debug|Any CPU
		{7FE93469-A7FA-4437-AD88-C49A20C7B887}.Debug|Any CPU.Build.0 = Debug|Any CPU
		{7FE93469-A7FA-4437-AD88-C49A20C7B887}.Release|Any CPU.ActiveCfg = Release|Any CPU
		{7FE93469-A7FA-4437-AD88-C49A20C7B887}.Release|Any CPU.Build.0 = Release|Any CPU
	EndGlobalSection
	GlobalSection(SolutionProperties) = preSolution
		HideSolutionNode = FALSE
	EndGlobalSection
	GlobalSection(ExtensibilityGlobals) = postSolution
		SolutionGuid = {9A8B39F1-BA84-479B-92E8-9B8950173B77}
	EndGlobalSection
EndGlobal
